
Microsoft Visual Studio Solution File, Format Version 12.00
# Visual Studio Version 17
VisualStudioVersion = 17.5.33516.290
MinimumVisualStudioVersion = 10.0.40219.1
Project("{9A19103F-16F7-4668-BE54-9A1E7A4F7556}") = "01.List", "01.List\01.List.csproj", "{C223C860-6BBB-49C6-B9A7-2C696C407C44}"
EndProject
Project("{9A19103F-16F7-4668-BE54-9A1E7A4F7556}") = "01.List.Tests", "01.List.Tests\01.List.Tests.csproj", "{C46BC27E-E4A8-4C6A-A8D6-64C645D16669}"
EndProject
Project("{9A19103F-16F7-4668-BE54-9A1E7A4F7556}") = "02.Stack", "02.Stack\02.Stack.csproj", "{DAFB5D4E-91CB-4525-AAB5-F6E456EB05F1}"
EndProject
Project("{9A19103F-16F7-4668-BE54-9A1E7A4F7556}") = "02.Stack.Tests", "02.Stack.Tests\02.Stack.Tests.csproj", "{6E67752D-9E3D-41F2-B54C-497D2D7558B3}"
EndProject
Project("{9A19103F-16F7-4668-BE54-9A1E7A4F7556}") = "03.Queue", "03.Queue\03.Queue.csproj", "{E189A151-9638-4FDB-8829-E1837220D3B6}"
EndProject
Project("{9A19103F-16F7-4668-BE54-9A1E7A4F7556}") = "03.Queue.Tests", "03.Queue.Tests\03.Queue.Tests.csproj", "{7636F266-3DC2-4E36-97D2-9FDA47CAA9C7}"
EndProject
Project("{9A19103F-16F7-4668-BE54-9A1E7A4F7556}") = "04.SinglyLinkedList", "04.SinglyLinkedList\04.SinglyLinkedList.csproj", "{500B826E-2087-403A-81DC-F20B45FBE237}"
EndProject
Project("{9A19103F-16F7-4668-BE54-9A1E7A4F7556}") = "04.SinglyLinkedList.Tests", "04.SinglyLinkedList.Tests\04.SinglyLinkedList.Tests.csproj", "{56BF24AB-99EC-44EC-9AA4-5AF9A4B302F2}"
EndProject
Global
	GlobalSection(SolutionConfigurationPlatforms) = preSolution
		Debug|Any CPU = Debug|Any CPU
		Release|Any CPU = Release|Any CPU
	EndGlobalSection
	GlobalSection(ProjectConfigurationPlatforms) = postSolution
		{C223C860-6BBB-49C6-B9A7-2C696C407C44}.Debug|Any CPU.ActiveCfg = Debug|Any CPU
		{C223C860-6BBB-49C6-B9A7-2C696C407C44}.Debug|Any CPU.Build.0 = Debug|Any CPU
		{C223C860-6BBB-49C6-B9A7-2C696C407C44}.Release|Any CPU.ActiveCfg = Release|Any CPU
		{C223C860-6BBB-49C6-B9A7-2C696C407C44}.Release|Any CPU.Build.0 = Release|Any CPU
		{C46BC27E-E4A8-4C6A-A8D6-64C645D16669}.Debug|Any CPU.ActiveCfg = Debug|Any CPU
		{C46BC27E-E4A8-4C6A-A8D6-64C645D16669}.Debug|Any CPU.Build.0 = Debug|Any CPU
		{C46BC27E-E4A8-4C6A-A8D6-64C645D16669}.Release|Any CPU.ActiveCfg = Release|Any CPU
		{C46BC27E-E4A8-4C6A-A8D6-64C645D16669}.Release|Any CPU.Build.0 = Release|Any CPU
		{DAFB5D4E-91CB-4525-AAB5-F6E456EB05F1}.Debug|Any CPU.ActiveCfg = Debug|Any CPU
		{DAFB5D4E-91CB-4525-AAB5-F6E456EB05F1}.Debug|Any CPU.Build.0 = Debug|Any CPU
		{DAFB5D4E-91CB-4525-AAB5-F6E456EB05F1}.Release|Any CPU.ActiveCfg = Release|Any CPU
		{DAFB5D4E-91CB-4525-AAB5-F6E456EB05F1}.Release|Any CPU.Build.0 = Release|Any CPU
		{6E67752D-9E3D-41F2-B54C-497D2D7558B3}.Debug|Any CPU.ActiveCfg = Debug|Any CPU
		{6E67752D-9E3D-41F2-B54C-497D2D7558B3}.Debug|Any CPU.Build.0 = Debug|Any CPU
		{6E67752D-9E3D-41F2-B54C-497D2D7558B3}.Release|Any CPU.ActiveCfg = Release|Any CPU
		{6E67752D-9E3D-41F2-B54C-497D2D7558B3}.Release|Any CPU.Build.0 = Release|Any CPU
		{E189A151-9638-4FDB-8829-E1837220D3B6}.Debug|Any CPU.ActiveCfg = Debug|Any CPU
		{E189A151-9638-4FDB-8829-E1837220D3B6}.Debug|Any CPU.Build.0 = Debug|Any CPU
		{E189A151-9638-4FDB-8829-E1837220D3B6}.Release|Any CPU.ActiveCfg = Release|Any CPU
		{E189A151-9638-4FDB-8829-E1837220D3B6}.Release|Any CPU.Build.0 = Release|Any CPU
		{7636F266-3DC2-4E36-97D2-9FDA47CAA9C7}.Debug|Any CPU.ActiveCfg = Debug|Any CPU
		{7636F266-3DC2-4E36-97D2-9FDA47CAA9C7}.Debug|Any CPU.Build.0 = Debug|Any CPU
		{7636F266-3DC2-4E36-97D2-9FDA47CAA9C7}.Release|Any CPU.ActiveCfg = Release|Any CPU
		{7636F266-3DC2-4E36-97D2-9FDA47CAA9C7}.Release|Any CPU.Build.0 = Release|Any CPU
		{500B826E-2087-403A-81DC-F20B45FBE237}.Debug|Any CPU.ActiveCfg = Debug|Any CPU
		{500B826E-2087-403A-81DC-F20B45FBE237}.Debug|Any CPU.Build.0 = Debug|Any CPU
		{500B826E-2087-403A-81DC-F20B45FBE237}.Release|Any CPU.ActiveCfg = Release|Any CPU
		{500B826E-2087-403A-81DC-F20B45FBE237}.Release|Any CPU.Build.0 = Release|Any CPU
		{56BF24AB-99EC-44EC-9AA4-5AF9A4B302F2}.Debug|Any CPU.ActiveCfg = Debug|Any CPU
		{56BF24AB-99EC-44EC-9AA4-5AF9A4B302F2}.Debug|Any CPU.Build.0 = Debug|Any CPU
		{56BF24AB-99EC-44EC-9AA4-5AF9A4B302F2}.Release|Any CPU.ActiveCfg = Release|Any CPU
		{56BF24AB-99EC-44EC-9AA4-5AF9A4B302F2}.Release|Any CPU.Build.0 = Release|Any CPU
	EndGlobalSection
	GlobalSection(SolutionProperties) = preSolution
		HideSolutionNode = FALSE
	EndGlobalSection
	GlobalSection(ExtensibilityGlobals) = postSolution
		SolutionGuid = {03FCCFAE-DCAD-4A43-92FA-63BC6379FF09}
	EndGlobalSection
EndGlobal
